// !$*UTF8*$!
{
	archiveVersion = 1;
	classes = {
	};
	objectVersion = 56;
	objects = {

/* Begin PBXBuildFile section */
		027822202B0F0B0E00D88BBF /* AppDelegate.swift in Sources */ = {isa = PBXBuildFile; fileRef = 0278221F2B0F0B0E00D88BBF /* AppDelegate.swift */; };
		027822222B0F0B0E00D88BBF /* SceneDelegate.swift in Sources */ = {isa = PBXBuildFile; fileRef = 027822212B0F0B0E00D88BBF /* SceneDelegate.swift */; };
		027822242B0F0B0E00D88BBF /* ViewController.swift in Sources */ = {isa = PBXBuildFile; fileRef = 027822232B0F0B0E00D88BBF /* ViewController.swift */; };
		027822272B0F0B0E00D88BBF /* Main.storyboard in Resources */ = {isa = PBXBuildFile; fileRef = 027822252B0F0B0E00D88BBF /* Main.storyboard */; };
		027822292B0F0B0F00D88BBF /* Assets.xcassets in Resources */ = {isa = PBXBuildFile; fileRef = 027822282B0F0B0F00D88BBF /* Assets.xcassets */; };
		0278222C2B0F0B0F00D88BBF /* LaunchScreen.storyboard in Resources */ = {isa = PBXBuildFile; fileRef = 0278222A2B0F0B0F00D88BBF /* LaunchScreen.storyboard */; };
		027822342B0F1D0500D88BBF /* Question.swift in Sources */ = {isa = PBXBuildFile; fileRef = 027822332B0F1D0500D88BBF /* Question.swift */; };
		0278223B2B0F1ECA00D88BBF /* ResponseType.swift in Sources */ = {isa = PBXBuildFile; fileRef = 0278223A2B0F1ECA00D88BBF /* ResponseType.swift */; };
		0278223D2B0F1FBC00D88BBF /* Answer.swift in Sources */ = {isa = PBXBuildFile; fileRef = 0278223C2B0F1FBC00D88BBF /* Answer.swift */; };
		0278223F2B0F202A00D88BBF /* AnimalType.swift in Sources */ = {isa = PBXBuildFile; fileRef = 0278223E2B0F202A00D88BBF /* AnimalType.swift */; };
/* End PBXBuildFile section */

/* Begin PBXFileReference section */
		0278221C2B0F0B0E00D88BBF /* personal quiz.app */ = {isa = PBXFileReference; explicitFileType = wrapper.application; includeInIndex = 0; path = "personal quiz.app"; sourceTree = BUILT_PRODUCTS_DIR; };
		0278221F2B0F0B0E00D88BBF /* AppDelegate.swift */ = {isa = PBXFileReference; lastKnownFileType = sourcecode.swift; path = AppDelegate.swift; sourceTree = "<group>"; };
		027822212B0F0B0E00D88BBF /* SceneDelegate.swift */ = {isa = PBXFileReference; lastKnownFileType = sourcecode.swift; path = SceneDelegate.swift; sourceTree = "<group>"; };
		027822232B0F0B0E00D88BBF /* ViewController.swift */ = {isa = PBXFileReference; lastKnownFileType = sourcecode.swift; path = ViewController.swift; sourceTree = "<group>"; };
		027822262B0F0B0E00D88BBF /* Base */ = {isa = PBXFileReference; lastKnownFileType = file.storyboard; name = Base; path = Base.lproj/Main.storyboard; sourceTree = "<group>"; };
		027822282B0F0B0F00D88BBF /* Assets.xcassets */ = {isa = PBXFileReference; lastKnownFileType = folder.assetcatalog; path = Assets.xcassets; sourceTree = "<group>"; };
		0278222B2B0F0B0F00D88BBF /* Base */ = {isa = PBXFileReference; lastKnownFileType = file.storyboard; name = Base; path = Base.lproj/LaunchScreen.storyboard; sourceTree = "<group>"; };
		0278222D2B0F0B0F00D88BBF /* Info.plist */ = {isa = PBXFileReference; lastKnownFileType = text.plist.xml; path = Info.plist; sourceTree = "<group>"; };
		027822332B0F1D0500D88BBF /* Question.swift */ = {isa = PBXFileReference; lastKnownFileType = sourcecode.swift; path = Question.swift; sourceTree = "<group>"; };
		0278223A2B0F1ECA00D88BBF /* ResponseType.swift */ = {isa = PBXFileReference; lastKnownFileType = sourcecode.swift; path = ResponseType.swift; sourceTree = "<group>"; };
		0278223C2B0F1FBC00D88BBF /* Answer.swift */ = {isa = PBXFileReference; lastKnownFileType = sourcecode.swift; path = Answer.swift; sourceTree = "<group>"; };
		0278223E2B0F202A00D88BBF /* AnimalType.swift */ = {isa = PBXFileReference; lastKnownFileType = sourcecode.swift; path = AnimalType.swift; sourceTree = "<group>"; };
/* End PBXFileReference section */

/* Begin PBXFrameworksBuildPhase section */
		027822192B0F0B0E00D88BBF /* Frameworks */ = {
			isa = PBXFrameworksBuildPhase;
			buildActionMask = 2147483647;
			files = (
			);
			runOnlyForDeploymentPostprocessing = 0;
		};
/* End PBXFrameworksBuildPhase section */

/* Begin PBXGroup section */
		027822132B0F0B0E00D88BBF = {
			isa = PBXGroup;
			children = (
				0278221E2B0F0B0E00D88BBF /* personal quiz */,
				0278221D2B0F0B0E00D88BBF /* Products */,
			);
			sourceTree = "<group>";
		};
		0278221D2B0F0B0E00D88BBF /* Products */ = {
			isa = PBXGroup;
			children = (
				0278221C2B0F0B0E00D88BBF /* personal quiz.app */,
			);
			name = Products;
			sourceTree = "<group>";
		};
		0278221E2B0F0B0E00D88BBF /* personal quiz */ = {
			isa = PBXGroup;
			children = (
				027822362B0F1D2300D88BBF /* Model */,
				027822372B0F1D3C00D88BBF /* View */,
				027822352B0F1D1500D88BBF /* Controller */,
				027822382B0F1D4900D88BBF /* Supporting files */,
				027822392B0F1DB100D88BBF /* Resourses */,
			);
			path = "personal quiz";
			sourceTree = "<group>";
		};
		027822352B0F1D1500D88BBF /* Controller */ = {
			isa = PBXGroup;
			children = (
				027822232B0F0B0E00D88BBF /* ViewController.swift */,
			);
			path = Controller;
			sourceTree = "<group>";
		};
		027822362B0F1D2300D88BBF /* Model */ = {
			isa = PBXGroup;
			children = (
				027822332B0F1D0500D88BBF /* Question.swift */,
				0278223A2B0F1ECA00D88BBF /* ResponseType.swift */,
				0278223C2B0F1FBC00D88BBF /* Answer.swift */,
				0278223E2B0F202A00D88BBF /* AnimalType.swift */,
			);
			path = Model;
			sourceTree = "<group>";
		};
		027822372B0F1D3C00D88BBF /* View */ = {
			isa = PBXGroup;
			children = (
				027822252B0F0B0E00D88BBF /* Main.storyboard */,
				0278222A2B0F0B0F00D88BBF /* LaunchScreen.storyboard */,
			);
			path = View;
			sourceTree = "<group>";
		};
		027822382B0F1D4900D88BBF /* Supporting files */ = {
			isa = PBXGroup;
			children = (
				0278221F2B0F0B0E00D88BBF /* AppDelegate.swift */,
				027822212B0F0B0E00D88BBF /* SceneDelegate.swift */,
				0278222D2B0F0B0F00D88BBF /* Info.plist */,
			);
			path = "Supporting files";
			sourceTree = "<group>";
		};
		027822392B0F1DB100D88BBF /* Resourses */ = {
			isa = PBXGroup;
			children = (
				027822282B0F0B0F00D88BBF /* Assets.xcassets */,
			);
			path = Resourses;
			sourceTree = "<group>";
		};
/* End PBXGroup section */

/* Begin PBXNativeTarget section */
		0278221B2B0F0B0E00D88BBF /* personal quiz */ = {
			isa = PBXNativeTarget;
			buildConfigurationList = 027822302B0F0B0F00D88BBF /* Build configuration list for PBXNativeTarget "personal quiz" */;
			buildPhases = (
				027822182B0F0B0E00D88BBF /* Sources */,
				027822192B0F0B0E00D88BBF /* Frameworks */,
				0278221A2B0F0B0E00D88BBF /* Resources */,
			);
			buildRules = (
			);
			dependencies = (
			);
			name = "personal quiz";
			productName = "personal quiz";
			productReference = 0278221C2B0F0B0E00D88BBF /* personal quiz.app */;
			productType = "com.apple.product-type.application";
		};
/* End PBXNativeTarget section */

/* Begin PBXProject section */
		027822142B0F0B0E00D88BBF /* Project object */ = {
			isa = PBXProject;
			attributes = {
				BuildIndependentTargetsInParallel = 1;
				LastSwiftUpdateCheck = 1500;
				LastUpgradeCheck = 1500;
				TargetAttributes = {
					0278221B2B0F0B0E00D88BBF = {
						CreatedOnToolsVersion = 15.0;
					};
				};
			};
			buildConfigurationList = 027822172B0F0B0E00D88BBF /* Build configuration list for PBXProject "personal quiz" */;
			compatibilityVersion = "Xcode 14.0";
			developmentRegion = en;
			hasScannedForEncodings = 0;
			knownRegions = (
				en,
				Base,
			);
			mainGroup = 027822132B0F0B0E00D88BBF;
			productRefGroup = 0278221D2B0F0B0E00D88BBF /* Products */;
			projectDirPath = "";
			projectRoot = "";
			targets = (
				0278221B2B0F0B0E00D88BBF /* personal quiz */,
			);
		};
/* End PBXProject section */

/* Begin PBXResourcesBuildPhase section */
		0278221A2B0F0B0E00D88BBF /* Resources */ = {
			isa = PBXResourcesBuildPhase;
			buildActionMask = 2147483647;
			files = (
				0278222C2B0F0B0F00D88BBF /* LaunchScreen.storyboard in Resources */,
				027822292B0F0B0F00D88BBF /* Assets.xcassets in Resources */,
				027822272B0F0B0E00D88BBF /* Main.storyboard in Resources */,
			);
			runOnlyForDeploymentPostprocessing = 0;
		};
/* End PBXResourcesBuildPhase section */

/* Begin PBXSourcesBuildPhase section */
		027822182B0F0B0E00D88BBF /* Sources */ = {
			isa = PBXSourcesBuildPhase;
			buildActionMask = 2147483647;
			files = (
				027822242B0F0B0E00D88BBF /* ViewController.swift in Sources */,
				027822342B0F1D0500D88BBF /* Question.swift in Sources */,
				027822202B0F0B0E00D88BBF /* AppDelegate.swift in Sources */,
				0278223D2B0F1FBC00D88BBF /* Answer.swift in Sources */,
				0278223B2B0F1ECA00D88BBF /* ResponseType.swift in Sources */,
				027822222B0F0B0E00D88BBF /* SceneDelegate.swift in Sources */,
				0278223F2B0F202A00D88BBF /* AnimalType.swift in Sources */,
			);
			runOnlyForDeploymentPostprocessing = 0;
		};
/* End PBXSourcesBuildPhase section */

/* Begin PBXVariantGroup section */
		027822252B0F0B0E00D88BBF /* Main.storyboard */ = {
			isa = PBXVariantGroup;
			children = (
				027822262B0F0B0E00D88BBF /* Base */,
			);
			name = Main.storyboard;
			sourceTree = "<group>";
		};
		0278222A2B0F0B0F00D88BBF /* LaunchScreen.storyboard */ = {
			isa = PBXVariantGroup;
			children = (
				0278222B2B0F0B0F00D88BBF /* Base */,
			);
			name = LaunchScreen.storyboard;
			sourceTree = "<group>";
		};
/* End PBXVariantGroup section */

/* Begin XCBuildConfiguration section */
		0278222E2B0F0B0F00D88BBF /* Debug */ = {
			isa = XCBuildConfiguration;
			buildSettings = {
				ALWAYS_SEARCH_USER_PATHS = NO;
				ASSETCATALOG_COMPILER_GENERATE_SWIFT_ASSET_SYMBOL_EXTENSIONS = YES;
				CLANG_ANALYZER_NONNULL = YES;
				CLANG_ANALYZER_NUMBER_OBJECT_CONVERSION = YES_AGGRESSIVE;
				CLANG_CXX_LANGUAGE_STANDARD = "gnu++20";
				CLANG_ENABLE_MODULES = YES;
				CLANG_ENABLE_OBJC_ARC = YES;
				CLANG_ENABLE_OBJC_WEAK = YES;
				CLANG_WARN_BLOCK_CAPTURE_AUTORELEASING = YES;
				CLANG_WARN_BOOL_CONVERSION = YES;
				CLANG_WARN_COMMA = YES;
				CLANG_WARN_CONSTANT_CONVERSION = YES;
				CLANG_WARN_DEPRECATED_OBJC_IMPLEMENTATIONS = YES;
				CLANG_WARN_DIRECT_OBJC_ISA_USAGE = YES_ERROR;
				CLANG_WARN_DOCUMENTATION_COMMENTS = YES;
				CLANG_WARN_EMPTY_BODY = YES;
				CLANG_WARN_ENUM_CONVERSION = YES;
				CLANG_WARN_INFINITE_RECURSION = YES;
				CLANG_WARN_INT_CONVERSION = YES;
				CLANG_WARN_NON_LITERAL_NULL_CONVERSION = YES;
				CLANG_WARN_OBJC_IMPLICIT_RETAIN_SELF = YES;
				CLANG_WARN_OBJC_LITERAL_CONVERSION = YES;
				CLANG_WARN_OBJC_ROOT_CLASS = YES_ERROR;
				CLANG_WARN_QUOTED_INCLUDE_IN_FRAMEWORK_HEADER = YES;
				CLANG_WARN_RANGE_LOOP_ANALYSIS = YES;
				CLANG_WARN_STRICT_PROTOTYPES = YES;
				CLANG_WARN_SUSPICIOUS_MOVE = YES;
				CLANG_WARN_UNGUARDED_AVAILABILITY = YES_AGGRESSIVE;
				CLANG_WARN_UNREACHABLE_CODE = YES;
				CLANG_WARN__DUPLICATE_METHOD_MATCH = YES;
				COPY_PHASE_STRIP = NO;
				DEBUG_INFORMATION_FORMAT = dwarf;
				ENABLE_STRICT_OBJC_MSGSEND = YES;
				ENABLE_TESTABILITY = YES;
				ENABLE_USER_SCRIPT_SANDBOXING = YES;
				GCC_C_LANGUAGE_STANDARD = gnu17;
				GCC_DYNAMIC_NO_PIC = NO;
				GCC_NO_COMMON_BLOCKS = YES;
				GCC_OPTIMIZATION_LEVEL = 0;
				GCC_PREPROCESSOR_DEFINITIONS = (
					"DEBUG=1",
					"$(inherited)",
				);
				GCC_WARN_64_TO_32_BIT_CONVERSION = YES;
				GCC_WARN_ABOUT_RETURN_TYPE = YES_ERROR;
				GCC_WARN_UNDECLARED_SELECTOR = YES;
				GCC_WARN_UNINITIALIZED_AUTOS = YES_AGGRESSIVE;
				GCC_WARN_UNUSED_FUNCTION = YES;
				GCC_WARN_UNUSED_VARIABLE = YES;
				IPHONEOS_DEPLOYMENT_TARGET = 17.0;
				LOCALIZATION_PREFERS_STRING_CATALOGS = YES;
				MTL_ENABLE_DEBUG_INFO = INCLUDE_SOURCE;
				MTL_FAST_MATH = YES;
				ONLY_ACTIVE_ARCH = YES;
				SDKROOT = iphoneos;
				SWIFT_ACTIVE_COMPILATION_CONDITIONS = "DEBUG $(inherited)";
				SWIFT_OPTIMIZATION_LEVEL = "-Onone";
			};
			name = Debug;
		};
		0278222F2B0F0B0F00D88BBF /* Release */ = {
			isa = XCBuildConfiguration;
			buildSettings = {
				ALWAYS_SEARCH_USER_PATHS = NO;
				ASSETCATALOG_COMPILER_GENERATE_SWIFT_ASSET_SYMBOL_EXTENSIONS = YES;
				CLANG_ANALYZER_NONNULL = YES;
				CLANG_ANALYZER_NUMBER_OBJECT_CONVERSION = YES_AGGRESSIVE;
				CLANG_CXX_LANGUAGE_STANDARD = "gnu++20";
				CLANG_ENABLE_MODULES = YES;
				CLANG_ENABLE_OBJC_ARC = YES;
				CLANG_ENABLE_OBJC_WEAK = YES;
				CLANG_WARN_BLOCK_CAPTURE_AUTORELEASING = YES;
				CLANG_WARN_BOOL_CONVERSION = YES;
				CLANG_WARN_COMMA = YES;
				CLANG_WARN_CONSTANT_CONVERSION = YES;
				CLANG_WARN_DEPRECATED_OBJC_IMPLEMENTATIONS = YES;
				CLANG_WARN_DIRECT_OBJC_ISA_USAGE = YES_ERROR;
				CLANG_WARN_DOCUMENTATION_COMMENTS = YES;
				CLANG_WARN_EMPTY_BODY = YES;
				CLANG_WARN_ENUM_CONVERSION = YES;
				CLANG_WARN_INFINITE_RECURSION = YES;
				CLANG_WARN_INT_CONVERSION = YES;
				CLANG_WARN_NON_LITERAL_NULL_CONVERSION = YES;
				CLANG_WARN_OBJC_IMPLICIT_RETAIN_SELF = YES;
				CLANG_WARN_OBJC_LITERAL_CONVERSION = YES;
				CLANG_WARN_OBJC_ROOT_CLASS = YES_ERROR;
				CLANG_WARN_QUOTED_INCLUDE_IN_FRAMEWORK_HEADER = YES;
				CLANG_WARN_RANGE_LOOP_ANALYSIS = YES;
				CLANG_WARN_STRICT_PROTOTYPES = YES;
				CLANG_WARN_SUSPICIOUS_MOVE = YES;
				CLANG_WARN_UNGUARDED_AVAILABILITY = YES_AGGRESSIVE;
				CLANG_WARN_UNREACHABLE_CODE = YES;
				CLANG_WARN__DUPLICATE_METHOD_MATCH = YES;
				COPY_PHASE_STRIP = NO;
				DEBUG_INFORMATION_FORMAT = "dwarf-with-dsym";
				ENABLE_NS_ASSERTIONS = NO;
				ENABLE_STRICT_OBJC_MSGSEND = YES;
				ENABLE_USER_SCRIPT_SANDBOXING = YES;
				GCC_C_LANGUAGE_STANDARD = gnu17;
				GCC_NO_COMMON_BLOCKS = YES;
				GCC_WARN_64_TO_32_BIT_CONVERSION = YES;
				GCC_WARN_ABOUT_RETURN_TYPE = YES_ERROR;
				GCC_WARN_UNDECLARED_SELECTOR = YES;
				GCC_WARN_UNINITIALIZED_AUTOS = YES_AGGRESSIVE;
				GCC_WARN_UNUSED_FUNCTION = YES;
				GCC_WARN_UNUSED_VARIABLE = YES;
				IPHONEOS_DEPLOYMENT_TARGET = 17.0;
				LOCALIZATION_PREFERS_STRING_CATALOGS = YES;
				MTL_ENABLE_DEBUG_INFO = NO;
				MTL_FAST_MATH = YES;
				SDKROOT = iphoneos;
				SWIFT_COMPILATION_MODE = wholemodule;
				VALIDATE_PRODUCT = YES;
			};
			name = Release;
		};
		027822312B0F0B0F00D88BBF /* Debug */ = {
			isa = XCBuildConfiguration;
			buildSettings = {
				ASSETCATALOG_COMPILER_APPICON_NAME = AppIcon;
				ASSETCATALOG_COMPILER_GLOBAL_ACCENT_COLOR_NAME = AccentColor;
				CODE_SIGN_STYLE = Automatic;
				CURRENT_PROJECT_VERSION = 1;
				DEVELOPMENT_TEAM = 962T2B7968;
				GENERATE_INFOPLIST_FILE = YES;
				INFOPLIST_FILE = "personal quiz/Supporting files/Info.plist";
				INFOPLIST_KEY_UIApplicationSupportsIndirectInputEvents = YES;
				INFOPLIST_KEY_UILaunchStoryboardName = LaunchScreen;
				INFOPLIST_KEY_UIMainStoryboardFile = Main;
				INFOPLIST_KEY_UISupportedInterfaceOrientations_iPad = "UIInterfaceOrientationPortrait UIInterfaceOrientationPortraitUpsideDown UIInterfaceOrientationLandscapeLeft UIInterfaceOrientationLandscapeRight";
				INFOPLIST_KEY_UISupportedInterfaceOrientations_iPhone = "UIInterfaceOrientationPortrait UIInterfaceOrientationLandscapeLeft UIInterfaceOrientationLandscapeRight";
				LD_RUNPATH_SEARCH_PATHS = (
					"$(inherited)",
					"@executable_path/Frameworks",
				);
				MARKETING_VERSION = 1.0;
				PRODUCT_BUNDLE_IDENTIFIER = "com.dibureau.personal-quiz";
				PRODUCT_NAME = "$(TARGET_NAME)";
				SWIFT_EMIT_LOC_STRINGS = YES;
				SWIFT_VERSION = 5.0;
				TARGETED_DEVICE_FAMILY = "1,2";
			};
			name = Debug;
		};
		027822322B0F0B0F00D88BBF /* Release */ = {
			isa = XCBuildConfiguration;
			buildSettings = {
				ASSETCATALOG_COMPILER_APPICON_NAME = AppIcon;
				ASSETCATALOG_COMPILER_GLOBAL_ACCENT_COLOR_NAME = AccentColor;
				CODE_SIGN_STYLE = Automatic;
				CURRENT_PROJECT_VERSION = 1;
				DEVELOPMENT_TEAM = 962T2B7968;
				GENERATE_INFOPLIST_FILE = YES;
				INFOPLIST_FILE = "personal quiz/Supporting files/Info.plist";
				INFOPLIST_KEY_UIApplicationSupportsIndirectInputEvents = YES;
				INFOPLIST_KEY_UILaunchStoryboardName = LaunchScreen;
				INFOPLIST_KEY_UIMainStoryboardFile = Main;
				INFOPLIST_KEY_UISupportedInterfaceOrientations_iPad = "UIInterfaceOrientationPortrait UIInterfaceOrientationPortraitUpsideDown UIInterfaceOrientationLandscapeLeft UIInterfaceOrientationLandscapeRight";
				INFOPLIST_KEY_UISupportedInterfaceOrientations_iPhone = "UIInterfaceOrientationPortrait UIInterfaceOrientationLandscapeLeft UIInterfaceOrientationLandscapeRight";
				LD_RUNPATH_SEARCH_PATHS = (
					"$(inherited)",
					"@executable_path/Frameworks",
				);
				MARKETING_VERSION = 1.0;
				PRODUCT_BUNDLE_IDENTIFIER = "com.dibureau.personal-quiz";
				PRODUCT_NAME = "$(TARGET_NAME)";
				SWIFT_EMIT_LOC_STRINGS = YES;
				SWIFT_VERSION = 5.0;
				TARGETED_DEVICE_FAMILY = "1,2";
			};
			name = Release;
		};
/* End XCBuildConfiguration section */

/* Begin XCConfigurationList section */
		027822172B0F0B0E00D88BBF /* Build configuration list for PBXProject "personal quiz" */ = {
			isa = XCConfigurationList;
			buildConfigurations = (
				0278222E2B0F0B0F00D88BBF /* Debug */,
				0278222F2B0F0B0F00D88BBF /* Release */,
			);
			defaultConfigurationIsVisible = 0;
			defaultConfigurationName = Release;
		};
		027822302B0F0B0F00D88BBF /* Build configuration list for PBXNativeTarget "personal quiz" */ = {
			isa = XCConfigurationList;
			buildConfigurations = (
				027822312B0F0B0F00D88BBF /* Debug */,
				027822322B0F0B0F00D88BBF /* Release */,
			);
			defaultConfigurationIsVisible = 0;
			defaultConfigurationName = Release;
		};
/* End XCConfigurationList section */
	};
	rootObject = 027822142B0F0B0E00D88BBF /* Project object */;
}
